
Microsoft Visual Studio Solution File, Format Version 12.00
# Visual Studio 14
VisualStudioVersion = 14.0.23107.0
MinimumVisualStudioVersion = 10.0.40219.1
Project("{FAE04EC0-301F-11D3-BF4B-00C04F79EFBC}") = "Spreadsheet", "Spreadsheet\Spreadsheet.csproj", "{22269196-FFEC-444C-8D95-6BED67EA7849}"
EndProject
Project("{FAE04EC0-301F-11D3-BF4B-00C04F79EFBC}") = "Resources", "Resources\Resources.csproj", "{9A1995B2-8DAE-405E-83DB-C8C706F2836B}"
EndProject
Project("{FAE04EC0-301F-11D3-BF4B-00C04F79EFBC}") = "SpreadsheetTests", "SpreadsheetTests\SpreadsheetTests.csproj", "{2C25F9CF-395E-4F81-8ED3-690D6499506A}"
EndProject
Global
	GlobalSection(SolutionConfigurationPlatforms) = preSolution
		Debug|Any CPU = Debug|Any CPU
		Release|Any CPU = Release|Any CPU
	EndGlobalSection
	GlobalSection(ProjectConfigurationPlatforms) = postSolution
		{22269196-FFEC-444C-8D95-6BED67EA7849}.Debug|Any CPU.ActiveCfg = Debug|Any CPU
		{22269196-FFEC-444C-8D95-6BED67EA7849}.Debug|Any CPU.Build.0 = Debug|Any CPU
		{22269196-FFEC-444C-8D95-6BED67EA7849}.Release|Any CPU.ActiveCfg = Release|Any CPU
		{22269196-FFEC-444C-8D95-6BED67EA7849}.Release|Any CPU.Build.0 = Release|Any CPU
		{9A1995B2-8DAE-405E-83DB-C8C706F2836B}.Debug|Any CPU.ActiveCfg = Debug|Any CPU
		{9A1995B2-8DAE-405E-83DB-C8C706F2836B}.Release|Any CPU.ActiveCfg = Release|Any CPU
		{9A1995B2-8DAE-405E-83DB-C8C706F2836B}.Release|Any CPU.Build.0 = Release|Any CPU
		{2C25F9CF-395E-4F81-8ED3-690D6499506A}.Debug|Any CPU.ActiveCfg = Debug|Any CPU
		{2C25F9CF-395E-4F81-8ED3-690D6499506A}.Debug|Any CPU.Build.0 = Debug|Any CPU
		{2C25F9CF-395E-4F81-8ED3-690D6499506A}.Release|Any CPU.ActiveCfg = Release|Any CPU
		{2C25F9CF-395E-4F81-8ED3-690D6499506A}.Release|Any CPU.Build.0 = Release|Any CPU
	EndGlobalSection
	GlobalSection(SolutionProperties) = preSolution
		HideSolutionNode = FALSE
	EndGlobalSection
EndGlobal
