
Microsoft Visual Studio Solution File, Format Version 12.00
# Visual Studio 14
VisualStudioVersion = 14.0.23107.0
MinimumVisualStudioVersion = 10.0.40219.1
Project("{FAE04EC0-301F-11D3-BF4B-00C04F79EFBC}") = "Formula", "Formula\Formula.csproj", "{3A5B1FDB-3638-40A1-AAB1-CB1F7D13C2E6}"
EndProject
Project("{FAE04EC0-301F-11D3-BF4B-00C04F79EFBC}") = "FormulaTester", "FormulaTester\FormulaTester.csproj", "{05332550-8547-468C-839D-9CC2BF3E7F33}"
EndProject
Global
	GlobalSection(SolutionConfigurationPlatforms) = preSolution
		Debug|Any CPU = Debug|Any CPU
		Release|Any CPU = Release|Any CPU
	EndGlobalSection
	GlobalSection(ProjectConfigurationPlatforms) = postSolution
		{3A5B1FDB-3638-40A1-AAB1-CB1F7D13C2E6}.Debug|Any CPU.ActiveCfg = Debug|Any CPU
		{3A5B1FDB-3638-40A1-AAB1-CB1F7D13C2E6}.Debug|Any CPU.Build.0 = Debug|Any CPU
		{3A5B1FDB-3638-40A1-AAB1-CB1F7D13C2E6}.Release|Any CPU.ActiveCfg = Release|Any CPU
		{3A5B1FDB-3638-40A1-AAB1-CB1F7D13C2E6}.Release|Any CPU.Build.0 = Release|Any CPU
		{05332550-8547-468C-839D-9CC2BF3E7F33}.Debug|Any CPU.ActiveCfg = Debug|Any CPU
		{05332550-8547-468C-839D-9CC2BF3E7F33}.Debug|Any CPU.Build.0 = Debug|Any CPU
		{05332550-8547-468C-839D-9CC2BF3E7F33}.Release|Any CPU.ActiveCfg = Release|Any CPU
		{05332550-8547-468C-839D-9CC2BF3E7F33}.Release|Any CPU.Build.0 = Release|Any CPU
	EndGlobalSection
	GlobalSection(SolutionProperties) = preSolution
		HideSolutionNode = FALSE
	EndGlobalSection
EndGlobal
